
Microsoft Visual Studio Solution File, Format Version 12.00
# Visual Studio 15
VisualStudioVersion = 15.0.28307.106
MinimumVisualStudioVersion = 10.0.40219.1
Project("{8BC9CEB8-8B4A-11D0-8D11-00A0C91BC942}") = "VariablesOperatorsConditionsLoops", "IntrotoC++\IntrotoC++.vcxproj", "{0084E0E4-3F43-4A7E-96D8-FA41D3C3DAED}"
EndProject
Project("{8BC9CEB8-8B4A-11D0-8D11-00A0C91BC942}") = "Functions", "Functions\Functions.vcxproj", "{C956383A-D684-45A1-9044-6E1C0A02B436}"
EndProject
Project("{8BC9CEB8-8B4A-11D0-8D11-00A0C91BC942}") = "Arrays", "Arrays\Arrays.vcxproj", "{A025468E-BD3E-45D0-999E-EC48EA01CCA2}"
EndProject
Project("{8BC9CEB8-8B4A-11D0-8D11-00A0C91BC942}") = "CharacterArrays", "CharacterArrays\CharacterArrays.vcxproj", "{1F7D5D22-F0C4-43E2-A9A4-57E33AD8DF7C}"
EndProject
Project("{8BC9CEB8-8B4A-11D0-8D11-00A0C91BC942}") = "PointersAndDynamicMemory", "PointersAndDynamicMemory\PointersAndDynamicMemory.vcxproj", "{41E622C5-E702-4EFF-BDD9-96B3AC387D51}"
EndProject
Project("{8BC9CEB8-8B4A-11D0-8D11-00A0C91BC942}") = "Structures", "Structures\Structures.vcxproj", "{07874317-503E-4872-93B9-A7C2E8D03FBF}"
EndProject
Project("{8BC9CEB8-8B4A-11D0-8D11-00A0C91BC942}") = "Classes", "Classes\Classes.vcxproj", "{9C15C30D-6B47-49FD-AF3A-267490678F4E}"
EndProject
Project("{8BC9CEB8-8B4A-11D0-8D11-00A0C91BC942}") = "ConstructorsAndDestructors", "ConstructorsAndDestructors\ConstructorsAndDestructors.vcxproj", "{F6F10E31-BCD8-4EEF-9E02-5B4647070784}"
EndProject
Project("{8BC9CEB8-8B4A-11D0-8D11-00A0C91BC942}") = "Strings", "Strings\Strings.vcxproj", "{E0072A5D-6C75-4539-B0C7-984952E9543E}"
EndProject
Project("{8BC9CEB8-8B4A-11D0-8D11-00A0C91BC942}") = "DeepVsShallowCopy", "DeepVsShallowCopy\DeepVsShallowCopy.vcxproj", "{0CBC3EC1-5207-40FD-9A22-0AFDC7141052}"
EndProject
Global
	GlobalSection(SolutionConfigurationPlatforms) = preSolution
		Debug|x64 = Debug|x64
		Debug|x86 = Debug|x86
		Release|x64 = Release|x64
		Release|x86 = Release|x86
	EndGlobalSection
	GlobalSection(ProjectConfigurationPlatforms) = postSolution
		{0084E0E4-3F43-4A7E-96D8-FA41D3C3DAED}.Debug|x64.ActiveCfg = Debug|x64
		{0084E0E4-3F43-4A7E-96D8-FA41D3C3DAED}.Debug|x64.Build.0 = Debug|x64
		{0084E0E4-3F43-4A7E-96D8-FA41D3C3DAED}.Debug|x86.ActiveCfg = Debug|Win32
		{0084E0E4-3F43-4A7E-96D8-FA41D3C3DAED}.Debug|x86.Build.0 = Debug|Win32
		{0084E0E4-3F43-4A7E-96D8-FA41D3C3DAED}.Release|x64.ActiveCfg = Release|x64
		{0084E0E4-3F43-4A7E-96D8-FA41D3C3DAED}.Release|x64.Build.0 = Release|x64
		{0084E0E4-3F43-4A7E-96D8-FA41D3C3DAED}.Release|x86.ActiveCfg = Release|Win32
		{0084E0E4-3F43-4A7E-96D8-FA41D3C3DAED}.Release|x86.Build.0 = Release|Win32
		{C956383A-D684-45A1-9044-6E1C0A02B436}.Debug|x64.ActiveCfg = Debug|x64
		{C956383A-D684-45A1-9044-6E1C0A02B436}.Debug|x64.Build.0 = Debug|x64
		{C956383A-D684-45A1-9044-6E1C0A02B436}.Debug|x86.ActiveCfg = Debug|Win32
		{C956383A-D684-45A1-9044-6E1C0A02B436}.Debug|x86.Build.0 = Debug|Win32
		{C956383A-D684-45A1-9044-6E1C0A02B436}.Release|x64.ActiveCfg = Release|x64
		{C956383A-D684-45A1-9044-6E1C0A02B436}.Release|x64.Build.0 = Release|x64
		{C956383A-D684-45A1-9044-6E1C0A02B436}.Release|x86.ActiveCfg = Release|Win32
		{C956383A-D684-45A1-9044-6E1C0A02B436}.Release|x86.Build.0 = Release|Win32
		{A025468E-BD3E-45D0-999E-EC48EA01CCA2}.Debug|x64.ActiveCfg = Debug|x64
		{A025468E-BD3E-45D0-999E-EC48EA01CCA2}.Debug|x64.Build.0 = Debug|x64
		{A025468E-BD3E-45D0-999E-EC48EA01CCA2}.Debug|x86.ActiveCfg = Debug|Win32
		{A025468E-BD3E-45D0-999E-EC48EA01CCA2}.Debug|x86.Build.0 = Debug|Win32
		{A025468E-BD3E-45D0-999E-EC48EA01CCA2}.Release|x64.ActiveCfg = Release|x64
		{A025468E-BD3E-45D0-999E-EC48EA01CCA2}.Release|x64.Build.0 = Release|x64
		{A025468E-BD3E-45D0-999E-EC48EA01CCA2}.Release|x86.ActiveCfg = Release|Win32
		{A025468E-BD3E-45D0-999E-EC48EA01CCA2}.Release|x86.Build.0 = Release|Win32
		{1F7D5D22-F0C4-43E2-A9A4-57E33AD8DF7C}.Debug|x64.ActiveCfg = Debug|x64
		{1F7D5D22-F0C4-43E2-A9A4-57E33AD8DF7C}.Debug|x64.Build.0 = Debug|x64
		{1F7D5D22-F0C4-43E2-A9A4-57E33AD8DF7C}.Debug|x86.ActiveCfg = Debug|Win32
		{1F7D5D22-F0C4-43E2-A9A4-57E33AD8DF7C}.Debug|x86.Build.0 = Debug|Win32
		{1F7D5D22-F0C4-43E2-A9A4-57E33AD8DF7C}.Release|x64.ActiveCfg = Release|x64
		{1F7D5D22-F0C4-43E2-A9A4-57E33AD8DF7C}.Release|x64.Build.0 = Release|x64
		{1F7D5D22-F0C4-43E2-A9A4-57E33AD8DF7C}.Release|x86.ActiveCfg = Release|Win32
		{1F7D5D22-F0C4-43E2-A9A4-57E33AD8DF7C}.Release|x86.Build.0 = Release|Win32
		{41E622C5-E702-4EFF-BDD9-96B3AC387D51}.Debug|x64.ActiveCfg = Debug|x64
		{41E622C5-E702-4EFF-BDD9-96B3AC387D51}.Debug|x64.Build.0 = Debug|x64
		{41E622C5-E702-4EFF-BDD9-96B3AC387D51}.Debug|x86.ActiveCfg = Debug|Win32
		{41E622C5-E702-4EFF-BDD9-96B3AC387D51}.Debug|x86.Build.0 = Debug|Win32
		{41E622C5-E702-4EFF-BDD9-96B3AC387D51}.Release|x64.ActiveCfg = Release|x64
		{41E622C5-E702-4EFF-BDD9-96B3AC387D51}.Release|x64.Build.0 = Release|x64
		{41E622C5-E702-4EFF-BDD9-96B3AC387D51}.Release|x86.ActiveCfg = Release|Win32
		{41E622C5-E702-4EFF-BDD9-96B3AC387D51}.Release|x86.Build.0 = Release|Win32
		{07874317-503E-4872-93B9-A7C2E8D03FBF}.Debug|x64.ActiveCfg = Debug|x64
		{07874317-503E-4872-93B9-A7C2E8D03FBF}.Debug|x64.Build.0 = Debug|x64
		{07874317-503E-4872-93B9-A7C2E8D03FBF}.Debug|x86.ActiveCfg = Debug|Win32
		{07874317-503E-4872-93B9-A7C2E8D03FBF}.Debug|x86.Build.0 = Debug|Win32
		{07874317-503E-4872-93B9-A7C2E8D03FBF}.Release|x64.ActiveCfg = Release|x64
		{07874317-503E-4872-93B9-A7C2E8D03FBF}.Release|x64.Build.0 = Release|x64
		{07874317-503E-4872-93B9-A7C2E8D03FBF}.Release|x86.ActiveCfg = Release|Win32
		{07874317-503E-4872-93B9-A7C2E8D03FBF}.Release|x86.Build.0 = Release|Win32
		{9C15C30D-6B47-49FD-AF3A-267490678F4E}.Debug|x64.ActiveCfg = Debug|x64
		{9C15C30D-6B47-49FD-AF3A-267490678F4E}.Debug|x64.Build.0 = Debug|x64
		{9C15C30D-6B47-49FD-AF3A-267490678F4E}.Debug|x86.ActiveCfg = Debug|Win32
		{9C15C30D-6B47-49FD-AF3A-267490678F4E}.Debug|x86.Build.0 = Debug|Win32
		{9C15C30D-6B47-49FD-AF3A-267490678F4E}.Release|x64.ActiveCfg = Release|x64
		{9C15C30D-6B47-49FD-AF3A-267490678F4E}.Release|x64.Build.0 = Release|x64
		{9C15C30D-6B47-49FD-AF3A-267490678F4E}.Release|x86.ActiveCfg = Release|Win32
		{9C15C30D-6B47-49FD-AF3A-267490678F4E}.Release|x86.Build.0 = Release|Win32
		{F6F10E31-BCD8-4EEF-9E02-5B4647070784}.Debug|x64.ActiveCfg = Debug|x64
		{F6F10E31-BCD8-4EEF-9E02-5B4647070784}.Debug|x64.Build.0 = Debug|x64
		{F6F10E31-BCD8-4EEF-9E02-5B4647070784}.Debug|x86.ActiveCfg = Debug|Win32
		{F6F10E31-BCD8-4EEF-9E02-5B4647070784}.Debug|x86.Build.0 = Debug|Win32
		{F6F10E31-BCD8-4EEF-9E02-5B4647070784}.Release|x64.ActiveCfg = Release|x64
		{F6F10E31-BCD8-4EEF-9E02-5B4647070784}.Release|x64.Build.0 = Release|x64
		{F6F10E31-BCD8-4EEF-9E02-5B4647070784}.Release|x86.ActiveCfg = Release|Win32
		{F6F10E31-BCD8-4EEF-9E02-5B4647070784}.Release|x86.Build.0 = Release|Win32
		{E0072A5D-6C75-4539-B0C7-984952E9543E}.Debug|x64.ActiveCfg = Debug|x64
		{E0072A5D-6C75-4539-B0C7-984952E9543E}.Debug|x64.Build.0 = Debug|x64
		{E0072A5D-6C75-4539-B0C7-984952E9543E}.Debug|x86.ActiveCfg = Debug|Win32
		{E0072A5D-6C75-4539-B0C7-984952E9543E}.Debug|x86.Build.0 = Debug|Win32
		{E0072A5D-6C75-4539-B0C7-984952E9543E}.Release|x64.ActiveCfg = Release|x64
		{E0072A5D-6C75-4539-B0C7-984952E9543E}.Release|x64.Build.0 = Release|x64
		{E0072A5D-6C75-4539-B0C7-984952E9543E}.Release|x86.ActiveCfg = Release|Win32
		{E0072A5D-6C75-4539-B0C7-984952E9543E}.Release|x86.Build.0 = Release|Win32
		{0CBC3EC1-5207-40FD-9A22-0AFDC7141052}.Debug|x64.ActiveCfg = Debug|x64
		{0CBC3EC1-5207-40FD-9A22-0AFDC7141052}.Debug|x64.Build.0 = Debug|x64
		{0CBC3EC1-5207-40FD-9A22-0AFDC7141052}.Debug|x86.ActiveCfg = Debug|Win32
		{0CBC3EC1-5207-40FD-9A22-0AFDC7141052}.Debug|x86.Build.0 = Debug|Win32
		{0CBC3EC1-5207-40FD-9A22-0AFDC7141052}.Release|x64.ActiveCfg = Release|x64
		{0CBC3EC1-5207-40FD-9A22-0AFDC7141052}.Release|x64.Build.0 = Release|x64
		{0CBC3EC1-5207-40FD-9A22-0AFDC7141052}.Release|x86.ActiveCfg = Release|Win32
		{0CBC3EC1-5207-40FD-9A22-0AFDC7141052}.Release|x86.Build.0 = Release|Win32
	EndGlobalSection
	GlobalSection(SolutionProperties) = preSolution
		HideSolutionNode = FALSE
	EndGlobalSection
	GlobalSection(ExtensibilityGlobals) = postSolution
		SolutionGuid = {D4DBDBED-C556-4923-A0AF-6B32FFF44351}
	EndGlobalSection
EndGlobal
